
Microsoft Visual Studio Solution File, Format Version 11.00
# Visual Studio 2010
Project("{FAE04EC0-301F-11D3-BF4B-00C04F79EFBC}") = "com.hauntedpsx.render-pipelines.psx.Runtime", "com.hauntedpsx.render-pipelines.psx.Runtime.csproj", "{46f8ff9c-95db-97c6-e4fb-177141329ed5}"
EndProject
Project("{FAE04EC0-301F-11D3-BF4B-00C04F79EFBC}") = "com.hauntedpsx.render-pipelines.psx.Editor", "com.hauntedpsx.render-pipelines.psx.Editor.csproj", "{2f4a77e4-abcb-eea6-6d72-00bf6c2266ee}"
EndProject
Project("{FAE04EC0-301F-11D3-BF4B-00C04F79EFBC}") = "Assembly-CSharp", "Assembly-CSharp.csproj", "{259457e6-f3c7-a4f1-f543-9a32a29af7a5}"
EndProject
Global
	GlobalSection(SolutionConfigurationPlatforms) = preSolution
		Debug|Any CPU = Debug|Any CPU
	EndGlobalSection
	GlobalSection(ProjectConfigurationPlatforms) = postSolution
		{46f8ff9c-95db-97c6-e4fb-177141329ed5}.Debug|Any CPU.ActiveCfg = Debug|Any CPU
		{46f8ff9c-95db-97c6-e4fb-177141329ed5}.Debug|Any CPU.Build.0 = Debug|Any CPU
		{2f4a77e4-abcb-eea6-6d72-00bf6c2266ee}.Debug|Any CPU.ActiveCfg = Debug|Any CPU
		{2f4a77e4-abcb-eea6-6d72-00bf6c2266ee}.Debug|Any CPU.Build.0 = Debug|Any CPU
		{259457e6-f3c7-a4f1-f543-9a32a29af7a5}.Debug|Any CPU.ActiveCfg = Debug|Any CPU
		{259457e6-f3c7-a4f1-f543-9a32a29af7a5}.Debug|Any CPU.Build.0 = Debug|Any CPU
	EndGlobalSection
	GlobalSection(SolutionProperties) = preSolution
		HideSolutionNode = FALSE
	EndGlobalSection
EndGlobal
