
Microsoft Visual Studio Solution File, Format Version 11.00
# Visual Studio 2010
Project("{FAE04EC0-301F-11D3-BF4B-00C04F79EFBC}") = "com.hauntedpsx.render-pipelines.psx.Runtime", "com.hauntedpsx.render-pipelines.psx.Runtime.csproj", "{3228d27b-fe7e-f0f7-05b2-eceaaa00638b}"
EndProject
Project("{FAE04EC0-301F-11D3-BF4B-00C04F79EFBC}") = "com.hauntedpsx.render-pipelines.psx.Editor", "com.hauntedpsx.render-pipelines.psx.Editor.csproj", "{7ad5d0b2-396f-1a0d-f584-e2b39ccb0b3b}"
EndProject
Project("{FAE04EC0-301F-11D3-BF4B-00C04F79EFBC}") = "Assembly-CSharp", "Assembly-CSharp.csproj", "{9499f896-702d-3850-a03e-bd7be3f1accb}"
EndProject
Global
	GlobalSection(SolutionConfigurationPlatforms) = preSolution
		Debug|Any CPU = Debug|Any CPU
	EndGlobalSection
	GlobalSection(ProjectConfigurationPlatforms) = postSolution
		{3228d27b-fe7e-f0f7-05b2-eceaaa00638b}.Debug|Any CPU.ActiveCfg = Debug|Any CPU
		{3228d27b-fe7e-f0f7-05b2-eceaaa00638b}.Debug|Any CPU.Build.0 = Debug|Any CPU
		{7ad5d0b2-396f-1a0d-f584-e2b39ccb0b3b}.Debug|Any CPU.ActiveCfg = Debug|Any CPU
		{7ad5d0b2-396f-1a0d-f584-e2b39ccb0b3b}.Debug|Any CPU.Build.0 = Debug|Any CPU
		{9499f896-702d-3850-a03e-bd7be3f1accb}.Debug|Any CPU.ActiveCfg = Debug|Any CPU
		{9499f896-702d-3850-a03e-bd7be3f1accb}.Debug|Any CPU.Build.0 = Debug|Any CPU
	EndGlobalSection
	GlobalSection(SolutionProperties) = preSolution
		HideSolutionNode = FALSE
	EndGlobalSection
EndGlobal
